
Microsoft Visual Studio Solution File, Format Version 12.00
Project("{FAE04EC0-301F-11D3-BF4B-00C04F79EFBC}") = "HtmlToPdf.ConversionApi.Web", "HtmlToPdf.ConversionApi.Web\HtmlToPdf.ConversionApi.Web.csproj", "{F8BF195C-8F0E-41B1-AA8E-781FF500989D}"
EndProject
Project("{FAE04EC0-301F-11D3-BF4B-00C04F79EFBC}") = "HtmlToPdf.ConversionApi.Broker.Producing", "HtmlToPdf.ConversionApi.Broker.Producing\HtmlToPdf.ConversionApi.Broker.Producing.csproj", "{DB05981C-8BFC-4446-A994-3C33CAD6E9FE}"
EndProject
Project("{2150E333-8FDC-42A3-9474-1A3956D46DE8}") = "Common", "Common", "{DA7C61CB-3E6B-40AC-AEB6-6E9373047B28}"
EndProject
Project("{FAE04EC0-301F-11D3-BF4B-00C04F79EFBC}") = "HtmlToPdf.Common.Broker", "..\_Common\HtmlToPdf.Common.Broker\HtmlToPdf.Common.Broker.csproj", "{FEED8158-A7D6-4DCC-94A6-E6593DEAD70C}"
EndProject
Project("{FAE04EC0-301F-11D3-BF4B-00C04F79EFBC}") = "HtmlToPdf.ConversionApi.Broker.Consuming", "HtmlToPdf.ConversionApi.Broker.Consuming\HtmlToPdf.ConversionApi.Broker.Consuming.csproj", "{AE209E4B-6C60-4ABF-930C-0AE75BC5C84B}"
EndProject
Project("{FAE04EC0-301F-11D3-BF4B-00C04F79EFBC}") = "HtmlToPdf.ConversionApi.Data.AppDatabase", "HtmlToPdf.ConversionApi.Data.AppDatabase\HtmlToPdf.ConversionApi.Data.AppDatabase.csproj", "{9AB7404D-BF44-4E14-9B64-EBD273B4ECF2}"
EndProject
Project("{FAE04EC0-301F-11D3-BF4B-00C04F79EFBC}") = "HtmlToPdf.Common", "..\_Common\HtmlToPdf.Common\HtmlToPdf.Common.csproj", "{95DD4705-7802-44F0-85FD-E62497893AD3}"
EndProject
Project("{FAE04EC0-301F-11D3-BF4B-00C04F79EFBC}") = "HtmlToPdf.Common.Domain", "..\_Common\HtmlToPdf.Common.Domain\HtmlToPdf.Common.Domain.csproj", "{B3BF002E-D149-4203-BB1E-C91CF3109F2D}"
EndProject
Global
	GlobalSection(SolutionConfigurationPlatforms) = preSolution
		Debug|Any CPU = Debug|Any CPU
		Release|Any CPU = Release|Any CPU
	EndGlobalSection
	GlobalSection(ProjectConfigurationPlatforms) = postSolution
		{F8BF195C-8F0E-41B1-AA8E-781FF500989D}.Debug|Any CPU.ActiveCfg = Debug|Any CPU
		{F8BF195C-8F0E-41B1-AA8E-781FF500989D}.Debug|Any CPU.Build.0 = Debug|Any CPU
		{F8BF195C-8F0E-41B1-AA8E-781FF500989D}.Release|Any CPU.ActiveCfg = Release|Any CPU
		{F8BF195C-8F0E-41B1-AA8E-781FF500989D}.Release|Any CPU.Build.0 = Release|Any CPU
		{DB05981C-8BFC-4446-A994-3C33CAD6E9FE}.Debug|Any CPU.ActiveCfg = Debug|Any CPU
		{DB05981C-8BFC-4446-A994-3C33CAD6E9FE}.Debug|Any CPU.Build.0 = Debug|Any CPU
		{DB05981C-8BFC-4446-A994-3C33CAD6E9FE}.Release|Any CPU.ActiveCfg = Release|Any CPU
		{DB05981C-8BFC-4446-A994-3C33CAD6E9FE}.Release|Any CPU.Build.0 = Release|Any CPU
		{FEED8158-A7D6-4DCC-94A6-E6593DEAD70C}.Debug|Any CPU.ActiveCfg = Debug|Any CPU
		{FEED8158-A7D6-4DCC-94A6-E6593DEAD70C}.Debug|Any CPU.Build.0 = Debug|Any CPU
		{FEED8158-A7D6-4DCC-94A6-E6593DEAD70C}.Release|Any CPU.ActiveCfg = Release|Any CPU
		{FEED8158-A7D6-4DCC-94A6-E6593DEAD70C}.Release|Any CPU.Build.0 = Release|Any CPU
		{AE209E4B-6C60-4ABF-930C-0AE75BC5C84B}.Debug|Any CPU.ActiveCfg = Debug|Any CPU
		{AE209E4B-6C60-4ABF-930C-0AE75BC5C84B}.Debug|Any CPU.Build.0 = Debug|Any CPU
		{AE209E4B-6C60-4ABF-930C-0AE75BC5C84B}.Release|Any CPU.ActiveCfg = Release|Any CPU
		{AE209E4B-6C60-4ABF-930C-0AE75BC5C84B}.Release|Any CPU.Build.0 = Release|Any CPU
		{9AB7404D-BF44-4E14-9B64-EBD273B4ECF2}.Debug|Any CPU.ActiveCfg = Debug|Any CPU
		{9AB7404D-BF44-4E14-9B64-EBD273B4ECF2}.Debug|Any CPU.Build.0 = Debug|Any CPU
		{9AB7404D-BF44-4E14-9B64-EBD273B4ECF2}.Release|Any CPU.ActiveCfg = Release|Any CPU
		{9AB7404D-BF44-4E14-9B64-EBD273B4ECF2}.Release|Any CPU.Build.0 = Release|Any CPU
		{95DD4705-7802-44F0-85FD-E62497893AD3}.Debug|Any CPU.ActiveCfg = Debug|Any CPU
		{95DD4705-7802-44F0-85FD-E62497893AD3}.Debug|Any CPU.Build.0 = Debug|Any CPU
		{95DD4705-7802-44F0-85FD-E62497893AD3}.Release|Any CPU.ActiveCfg = Release|Any CPU
		{95DD4705-7802-44F0-85FD-E62497893AD3}.Release|Any CPU.Build.0 = Release|Any CPU
		{B3BF002E-D149-4203-BB1E-C91CF3109F2D}.Debug|Any CPU.ActiveCfg = Debug|Any CPU
		{B3BF002E-D149-4203-BB1E-C91CF3109F2D}.Debug|Any CPU.Build.0 = Debug|Any CPU
		{B3BF002E-D149-4203-BB1E-C91CF3109F2D}.Release|Any CPU.ActiveCfg = Release|Any CPU
		{B3BF002E-D149-4203-BB1E-C91CF3109F2D}.Release|Any CPU.Build.0 = Release|Any CPU
	EndGlobalSection
	GlobalSection(NestedProjects) = preSolution
		{FEED8158-A7D6-4DCC-94A6-E6593DEAD70C} = {DA7C61CB-3E6B-40AC-AEB6-6E9373047B28}
		{95DD4705-7802-44F0-85FD-E62497893AD3} = {DA7C61CB-3E6B-40AC-AEB6-6E9373047B28}
		{B3BF002E-D149-4203-BB1E-C91CF3109F2D} = {DA7C61CB-3E6B-40AC-AEB6-6E9373047B28}
	EndGlobalSection
EndGlobal
